
Microsoft Visual Studio Solution File, Format Version 12.00
# Visual Studio 15
VisualStudioVersion = 15.0.28307.960
MinimumVisualStudioVersion = 10.0.40219.1
Project("{FAE04EC0-301F-11D3-BF4B-00C04F79EFBC}") = "MyFirstVisualizer", "MyFirstVisualizer\MyFirstVisualizer.csproj", "{118957B3-CF7E-434A-A1B5-E241467A7B8D}"
EndProject
Project("{FAE04EC0-301F-11D3-BF4B-00C04F79EFBC}") = "MyTestConsole", "MyTestConsole\MyTestConsole.csproj", "{17C07A48-BC58-40FC-B00B-CB8428D4F4C4}"
EndProject
Global
	GlobalSection(SolutionConfigurationPlatforms) = preSolution
		Debug|Any CPU = Debug|Any CPU
		Release|Any CPU = Release|Any CPU
	EndGlobalSection
	GlobalSection(ProjectConfigurationPlatforms) = postSolution
		{118957B3-CF7E-434A-A1B5-E241467A7B8D}.Debug|Any CPU.ActiveCfg = Debug|Any CPU
		{118957B3-CF7E-434A-A1B5-E241467A7B8D}.Debug|Any CPU.Build.0 = Debug|Any CPU
		{118957B3-CF7E-434A-A1B5-E241467A7B8D}.Release|Any CPU.ActiveCfg = Release|Any CPU
		{118957B3-CF7E-434A-A1B5-E241467A7B8D}.Release|Any CPU.Build.0 = Release|Any CPU
		{17C07A48-BC58-40FC-B00B-CB8428D4F4C4}.Debug|Any CPU.ActiveCfg = Debug|Any CPU
		{17C07A48-BC58-40FC-B00B-CB8428D4F4C4}.Debug|Any CPU.Build.0 = Debug|Any CPU
		{17C07A48-BC58-40FC-B00B-CB8428D4F4C4}.Release|Any CPU.ActiveCfg = Release|Any CPU
		{17C07A48-BC58-40FC-B00B-CB8428D4F4C4}.Release|Any CPU.Build.0 = Release|Any CPU
	EndGlobalSection
	GlobalSection(SolutionProperties) = preSolution
		HideSolutionNode = FALSE
	EndGlobalSection
	GlobalSection(ExtensibilityGlobals) = postSolution
		SolutionGuid = {54E09EE1-4DBE-41B1-8211-C7CACB087B96}
	EndGlobalSection
EndGlobal
